
Microsoft Visual Studio Solution File, Format Version 11.00
# Visual Studio 2010
Project("{FAE04EC0-301F-11D3-BF4B-00C04F79EFBC}") = "Assembly-CSharp", "Assembly-CSharp.csproj", "{C90FEDAC-4F38-68CA-837E-D410472FEC2C}"
EndProject
Project("{FAE04EC0-301F-11D3-BF4B-00C04F79EFBC}") = "Assembly-CSharp-Editor", "Assembly-CSharp-Editor.csproj", "{CE2668A0-CEDC-0501-39CC-C80A0D5AE89B}"
EndProject
Global
	GlobalSection(SolutionConfigurationPlatforms) = preSolution
		Debug|Any CPU = Debug|Any CPU
		Release|Any CPU = Release|Any CPU
	EndGlobalSection
	GlobalSection(ProjectConfigurationPlatforms) = postSolution
		{C90FEDAC-4F38-68CA-837E-D410472FEC2C}.Debug|Any CPU.ActiveCfg = Debug|Any CPU
		{C90FEDAC-4F38-68CA-837E-D410472FEC2C}.Debug|Any CPU.Build.0 = Debug|Any CPU
		{C90FEDAC-4F38-68CA-837E-D410472FEC2C}.Release|Any CPU.ActiveCfg = Release|Any CPU
		{C90FEDAC-4F38-68CA-837E-D410472FEC2C}.Release|Any CPU.Build.0 = Release|Any CPU
		{CE2668A0-CEDC-0501-39CC-C80A0D5AE89B}.Debug|Any CPU.ActiveCfg = Debug|Any CPU
		{CE2668A0-CEDC-0501-39CC-C80A0D5AE89B}.Debug|Any CPU.Build.0 = Debug|Any CPU
		{CE2668A0-CEDC-0501-39CC-C80A0D5AE89B}.Release|Any CPU.ActiveCfg = Release|Any CPU
		{CE2668A0-CEDC-0501-39CC-C80A0D5AE89B}.Release|Any CPU.Build.0 = Release|Any CPU
	EndGlobalSection
	GlobalSection(SolutionProperties) = preSolution
		HideSolutionNode = FALSE
	EndGlobalSection
	GlobalSection(MonoDevelopProperties) = preSolution
		StartupItem = Assembly-CSharp.csproj
	EndGlobalSection
EndGlobal
